
Microsoft Visual Studio Solution File, Format Version 12.00
# Visual Studio 15
VisualStudioVersion = 15.0.27428.2037
MinimumVisualStudioVersion = 10.0.40219.1
Project("{E24C65DC-7377-472B-9ABA-BC803B73C61A}") = "图书销售系统", "图书销售系统\", "{4D9D5308-BF11-4CA1-A5BE-245E6AB1B7F8}"
	ProjectSection(WebsiteProperties) = preProject
		TargetFrameworkMoniker = ".NETFramework,Version%3Dv4.6.1"
		Debug.AspNetCompiler.VirtualPath = "/localhost_2743"
		Debug.AspNetCompiler.PhysicalPath = "图书销售系统\"
		Debug.AspNetCompiler.TargetPath = "PrecompiledWeb\localhost_2743\"
		Debug.AspNetCompiler.Updateable = "true"
		Debug.AspNetCompiler.ForceOverwrite = "true"
		Debug.AspNetCompiler.FixedNames = "false"
		Debug.AspNetCompiler.Debug = "True"
		Release.AspNetCompiler.VirtualPath = "/localhost_2743"
		Release.AspNetCompiler.PhysicalPath = "图书销售系统\"
		Release.AspNetCompiler.TargetPath = "PrecompiledWeb\localhost_2743\"
		Release.AspNetCompiler.Updateable = "true"
		Release.AspNetCompiler.ForceOverwrite = "true"
		Release.AspNetCompiler.FixedNames = "false"
		Release.AspNetCompiler.Debug = "False"
		VWDPort = "2743"
		DefaultWebSiteLanguage = "Visual C#"
	EndProjectSection
EndProject
Global
	GlobalSection(SolutionConfigurationPlatforms) = preSolution
		Debug|Any CPU = Debug|Any CPU
	EndGlobalSection
	GlobalSection(ProjectConfigurationPlatforms) = postSolution
		{4D9D5308-BF11-4CA1-A5BE-245E6AB1B7F8}.Debug|Any CPU.ActiveCfg = Debug|Any CPU
		{4D9D5308-BF11-4CA1-A5BE-245E6AB1B7F8}.Debug|Any CPU.Build.0 = Debug|Any CPU
	EndGlobalSection
	GlobalSection(SolutionProperties) = preSolution
		HideSolutionNode = FALSE
	EndGlobalSection
	GlobalSection(ExtensibilityGlobals) = postSolution
		SolutionGuid = {4B760B65-E939-4871-B27A-C9445C146E6A}
	EndGlobalSection
EndGlobal
